{
  "nodes": {
    "nixpkgs": {
      "locked": {
        "lastModified": 1712310679,
        "narHash": "sha256-XgC/a/giEeNkhme/AV1ToipoZ/IVm1MV2ntiK4Tm+pw=",
        "owner": "nixos",
        "repo": "nixpkgs",
        "rev": "72da83d9515b43550436891f538ff41d68eecc7f",
        "type": "github"
      },
      "original": {
        "owner": "nixos",
        "ref": "nixos-23.11",
        "repo": "nixpkgs",
        "type": "github"
      }
    },
    "pycnix": {
      "inputs": {
        "nixpkgs": [
          "nixpkgs"
        ]
      },
      "locked": {
        "lastModified": 1712098254,
        "narHash": "sha256-fJEq1s6vpCd4a/zwXIwIMIxewhv+Mju2X4yoTfh4M+8=",
        "owner": "MadMcCrow",
        "repo": "pycnix",
        "rev": "bf2c9789aba28f6f7d92414422b5bfd4d9b6b06d",
        "type": "github"
      },
      "original": {
        "owner": "MadMcCrow",
        "repo": "pycnix",
        "type": "github"
      }
    },
    "root": {
      "inputs": {
        "nixpkgs": "nixpkgs",
        "pycnix": "pycnix"
      }
    }
  },
  "root": "root",
  "version": 7
}
