{
  "nodes": {
    "nixpkgs": {
      "locked": {
        "lastModified": 1713088269,
        "narHash": "sha256-x4RVSeo0qq099PEdCOGHrJ/mpUKIhTCJDTy4hI1U+Gs=",
        "owner": "nixos",
        "repo": "nixpkgs",
        "rev": "6ec8515bc79f396159a67b2ed8012b2e988d9dc6",
        "type": "github"
      },
      "original": {
        "owner": "nixos",
        "ref": "release-23.11",
        "repo": "nixpkgs",
        "type": "github"
      }
    },
    "pycnix": {
      "inputs": {
        "nixpkgs": [
          "nixpkgs"
        ]
      },
      "locked": {
        "lastModified": 1713097610,
        "narHash": "sha256-iZ8zZPQd9hkLpNA02tDNWbeTjXoRk4iV8nmz12FqnNA=",
        "owner": "MadMcCrow",
        "repo": "pycnix",
        "rev": "b863ab86c3a13626694856319a73203d12fc2d55",
        "type": "github"
      },
      "original": {
        "owner": "MadMcCrow",
        "repo": "pycnix",
        "type": "github"
      }
    },
    "root": {
      "inputs": {
        "nixpkgs": "nixpkgs",
        "pycnix": "pycnix"
      }
    }
  },
  "root": "root",
  "version": 7
}
